
Microsoft Visual Studio Solution File, Format Version 12.00
Project("{FAE04EC0-301F-11D3-BF4B-00C04F79EFBC}") = "LetsRenew", "LetsRenew\LetsRenew.csproj", "{4FEBFA4B-8B2B-4E94-A5F9-DF1F66044C64}"
EndProject
Global
	GlobalSection(SolutionConfigurationPlatforms) = preSolution
		Debug|Any CPU = Debug|Any CPU
		Release|Any CPU = Release|Any CPU
	EndGlobalSection
	GlobalSection(ProjectConfigurationPlatforms) = postSolution
		{4FEBFA4B-8B2B-4E94-A5F9-DF1F66044C64}.Debug|Any CPU.ActiveCfg = Debug|Any CPU
		{4FEBFA4B-8B2B-4E94-A5F9-DF1F66044C64}.Debug|Any CPU.Build.0 = Debug|Any CPU
		{4FEBFA4B-8B2B-4E94-A5F9-DF1F66044C64}.Release|Any CPU.ActiveCfg = Release|Any CPU
		{4FEBFA4B-8B2B-4E94-A5F9-DF1F66044C64}.Release|Any CPU.Build.0 = Release|Any CPU
	EndGlobalSection
EndGlobal
